// !$*UTF8*$!
{
	archiveVersion = 1;
	classes = {
	};
	objectVersion = 46;
	objects = {

/* Begin PBXBuildFile section */
		54EDFC751F49C9F90055DA00 /* AppDelegate.swift in Sources */ = {isa = PBXBuildFile; fileRef = 54EDFC741F49C9F90055DA00 /* AppDelegate.swift */; };
		54EDFC771F49C9F90055DA00 /* ViewController.swift in Sources */ = {isa = PBXBuildFile; fileRef = 54EDFC761F49C9F90055DA00 /* ViewController.swift */; };
		54EDFC7A1F49C9F90055DA00 /* Main.storyboard in Resources */ = {isa = PBXBuildFile; fileRef = 54EDFC781F49C9F90055DA00 /* Main.storyboard */; };
		54EDFC7C1F49C9F90055DA00 /* Assets.xcassets in Resources */ = {isa = PBXBuildFile; fileRef = 54EDFC7B1F49C9F90055DA00 /* Assets.xcassets */; };
		54EDFC7F1F49C9F90055DA00 /* LaunchScreen.storyboard in Resources */ = {isa = PBXBuildFile; fileRef = 54EDFC7D1F49C9F90055DA00 /* LaunchScreen.storyboard */; };
		54EDFC871F49CB430055DA00 /* bigImageViewController.swift in Sources */ = {isa = PBXBuildFile; fileRef = 54EDFC861F49CB430055DA00 /* bigImageViewController.swift */; };
		54EDFCAF1F55A33A0055DA00 /* hirozaile.jpg in Resources */ = {isa = PBXBuildFile; fileRef = 54EDFCAC1F55A33A0055DA00 /* hirozaile.jpg */; };
		54EDFCB01F55A33A0055DA00 /* nanataso.jpg in Resources */ = {isa = PBXBuildFile; fileRef = 54EDFCAD1F55A33A0055DA00 /* nanataso.jpg */; };
		54EDFCB11F55A33A0055DA00 /* nozomin.jpg in Resources */ = {isa = PBXBuildFile; fileRef = 54EDFCAE1F55A33A0055DA00 /* nozomin.jpg */; };
/* End PBXBuildFile section */

/* Begin PBXFileReference section */
		54EDFC711F49C9F90055DA00 /* SlideShowApp.app */ = {isa = PBXFileReference; explicitFileType = wrapper.application; includeInIndex = 0; path = SlideShowApp.app; sourceTree = BUILT_PRODUCTS_DIR; };
		54EDFC741F49C9F90055DA00 /* AppDelegate.swift */ = {isa = PBXFileReference; lastKnownFileType = sourcecode.swift; path = AppDelegate.swift; sourceTree = "<group>"; };
		54EDFC761F49C9F90055DA00 /* ViewController.swift */ = {isa = PBXFileReference; lastKnownFileType = sourcecode.swift; path = ViewController.swift; sourceTree = "<group>"; };
		54EDFC791F49C9F90055DA00 /* Base */ = {isa = PBXFileReference; lastKnownFileType = file.storyboard; name = Base; path = Base.lproj/Main.storyboard; sourceTree = "<group>"; };
		54EDFC7B1F49C9F90055DA00 /* Assets.xcassets */ = {isa = PBXFileReference; lastKnownFileType = folder.assetcatalog; path = Assets.xcassets; sourceTree = "<group>"; };
		54EDFC7E1F49C9F90055DA00 /* Base */ = {isa = PBXFileReference; lastKnownFileType = file.storyboard; name = Base; path = Base.lproj/LaunchScreen.storyboard; sourceTree = "<group>"; };
		54EDFC801F49C9F90055DA00 /* Info.plist */ = {isa = PBXFileReference; lastKnownFileType = text.plist.xml; path = Info.plist; sourceTree = "<group>"; };
		54EDFC861F49CB430055DA00 /* bigImageViewController.swift */ = {isa = PBXFileReference; fileEncoding = 4; lastKnownFileType = sourcecode.swift; path = bigImageViewController.swift; sourceTree = "<group>"; };
		54EDFCAC1F55A33A0055DA00 /* hirozaile.jpg */ = {isa = PBXFileReference; lastKnownFileType = image.jpeg; path = hirozaile.jpg; sourceTree = "<group>"; };
		54EDFCAD1F55A33A0055DA00 /* nanataso.jpg */ = {isa = PBXFileReference; lastKnownFileType = image.jpeg; path = nanataso.jpg; sourceTree = "<group>"; };
		54EDFCAE1F55A33A0055DA00 /* nozomin.jpg */ = {isa = PBXFileReference; lastKnownFileType = image.jpeg; path = nozomin.jpg; sourceTree = "<group>"; };
/* End PBXFileReference section */

/* Begin PBXFrameworksBuildPhase section */
		54EDFC6E1F49C9F90055DA00 /* Frameworks */ = {
			isa = PBXFrameworksBuildPhase;
			buildActionMask = 2147483647;
			files = (
			);
			runOnlyForDeploymentPostprocessing = 0;
		};
/* End PBXFrameworksBuildPhase section */

/* Begin PBXGroup section */
		54EDFC681F49C9F90055DA00 = {
			isa = PBXGroup;
			children = (
				54EDFC731F49C9F90055DA00 /* SlideShowApp */,
				54EDFC721F49C9F90055DA00 /* Products */,
			);
			sourceTree = "<group>";
		};
		54EDFC721F49C9F90055DA00 /* Products */ = {
			isa = PBXGroup;
			children = (
				54EDFC711F49C9F90055DA00 /* SlideShowApp.app */,
			);
			name = Products;
			sourceTree = "<group>";
		};
		54EDFC731F49C9F90055DA00 /* SlideShowApp */ = {
			isa = PBXGroup;
			children = (
				54EDFC741F49C9F90055DA00 /* AppDelegate.swift */,
				54EDFC761F49C9F90055DA00 /* ViewController.swift */,
				54EDFC781F49C9F90055DA00 /* Main.storyboard */,
				54EDFC861F49CB430055DA00 /* bigImageViewController.swift */,
				54EDFC7B1F49C9F90055DA00 /* Assets.xcassets */,
				54EDFC7D1F49C9F90055DA00 /* LaunchScreen.storyboard */,
				54EDFC801F49C9F90055DA00 /* Info.plist */,
				54EDFCAC1F55A33A0055DA00 /* hirozaile.jpg */,
				54EDFCAD1F55A33A0055DA00 /* nanataso.jpg */,
				54EDFCAE1F55A33A0055DA00 /* nozomin.jpg */,
			);
			path = SlideShowApp;
			sourceTree = "<group>";
		};
/* End PBXGroup section */

/* Begin PBXNativeTarget section */
		54EDFC701F49C9F90055DA00 /* SlideShowApp */ = {
			isa = PBXNativeTarget;
			buildConfigurationList = 54EDFC831F49C9F90055DA00 /* Build configuration list for PBXNativeTarget "SlideShowApp" */;
			buildPhases = (
				54EDFC6D1F49C9F90055DA00 /* Sources */,
				54EDFC6E1F49C9F90055DA00 /* Frameworks */,
				54EDFC6F1F49C9F90055DA00 /* Resources */,
			);
			buildRules = (
			);
			dependencies = (
			);
			name = SlideShowApp;
			productName = SlideShowApp;
			productReference = 54EDFC711F49C9F90055DA00 /* SlideShowApp.app */;
			productType = "com.apple.product-type.application";
		};
/* End PBXNativeTarget section */

/* Begin PBXProject section */
		54EDFC691F49C9F90055DA00 /* Project object */ = {
			isa = PBXProject;
			attributes = {
				LastSwiftUpdateCheck = 0830;
				LastUpgradeCheck = 0830;
				ORGANIZATIONNAME = yuki.tanaka;
				TargetAttributes = {
					54EDFC701F49C9F90055DA00 = {
						CreatedOnToolsVersion = 8.3.3;
						DevelopmentTeam = J56SUVV4RW;
						ProvisioningStyle = Automatic;
					};
				};
			};
			buildConfigurationList = 54EDFC6C1F49C9F90055DA00 /* Build configuration list for PBXProject "SlideShowApp" */;
			compatibilityVersion = "Xcode 3.2";
			developmentRegion = English;
			hasScannedForEncodings = 0;
			knownRegions = (
				en,
				Base,
			);
			mainGroup = 54EDFC681F49C9F90055DA00;
			productRefGroup = 54EDFC721F49C9F90055DA00 /* Products */;
			projectDirPath = "";
			projectRoot = "";
			targets = (
				54EDFC701F49C9F90055DA00 /* SlideShowApp */,
			);
		};
/* End PBXProject section */

/* Begin PBXResourcesBuildPhase section */
		54EDFC6F1F49C9F90055DA00 /* Resources */ = {
			isa = PBXResourcesBuildPhase;
			buildActionMask = 2147483647;
			files = (
				54EDFCB11F55A33A0055DA00 /* nozomin.jpg in Resources */,
				54EDFC7F1F49C9F90055DA00 /* LaunchScreen.storyboard in Resources */,
				54EDFC7C1F49C9F90055DA00 /* Assets.xcassets in Resources */,
				54EDFC7A1F49C9F90055DA00 /* Main.storyboard in Resources */,
				54EDFCAF1F55A33A0055DA00 /* hirozaile.jpg in Resources */,
				54EDFCB01F55A33A0055DA00 /* nanataso.jpg in Resources */,
			);
			runOnlyForDeploymentPostprocessing = 0;
		};
/* End PBXResourcesBuildPhase section */

/* Begin PBXSourcesBuildPhase section */
		54EDFC6D1F49C9F90055DA00 /* Sources */ = {
			isa = PBXSourcesBuildPhase;
			buildActionMask = 2147483647;
			files = (
				54EDFC771F49C9F90055DA00 /* ViewController.swift in Sources */,
				54EDFC871F49CB430055DA00 /* bigImageViewController.swift in Sources */,
				54EDFC751F49C9F90055DA00 /* AppDelegate.swift in Sources */,
			);
			runOnlyForDeploymentPostprocessing = 0;
		};
/* End PBXSourcesBuildPhase section */

/* Begin PBXVariantGroup section */
		54EDFC781F49C9F90055DA00 /* Main.storyboard */ = {
			isa = PBXVariantGroup;
			children = (
				54EDFC791F49C9F90055DA00 /* Base */,
			);
			name = Main.storyboard;
			sourceTree = "<group>";
		};
		54EDFC7D1F49C9F90055DA00 /* LaunchScreen.storyboard */ = {
			isa = PBXVariantGroup;
			children = (
				54EDFC7E1F49C9F90055DA00 /* Base */,
			);
			name = LaunchScreen.storyboard;
			sourceTree = "<group>";
		};
/* End PBXVariantGroup section */

/* Begin XCBuildConfiguration section */
		54EDFC811F49C9F90055DA00 /* Debug */ = {
			isa = XCBuildConfiguration;
			buildSettings = {
				ALWAYS_SEARCH_USER_PATHS = NO;
				CLANG_ANALYZER_NONNULL = YES;
				CLANG_ANALYZER_NUMBER_OBJECT_CONVERSION = YES_AGGRESSIVE;
				CLANG_CXX_LANGUAGE_STANDARD = "gnu++0x";
				CLANG_CXX_LIBRARY = "libc++";
				CLANG_ENABLE_MODULES = YES;
				CLANG_ENABLE_OBJC_ARC = YES;
				CLANG_WARN_BOOL_CONVERSION = YES;
				CLANG_WARN_CONSTANT_CONVERSION = YES;
				CLANG_WARN_DIRECT_OBJC_ISA_USAGE = YES_ERROR;
				CLANG_WARN_DOCUMENTATION_COMMENTS = YES;
				CLANG_WARN_EMPTY_BODY = YES;
				CLANG_WARN_ENUM_CONVERSION = YES;
				CLANG_WARN_INFINITE_RECURSION = YES;
				CLANG_WARN_INT_CONVERSION = YES;
				CLANG_WARN_OBJC_ROOT_CLASS = YES_ERROR;
				CLANG_WARN_SUSPICIOUS_MOVE = YES;
				CLANG_WARN_UNREACHABLE_CODE = YES;
				CLANG_WARN__DUPLICATE_METHOD_MATCH = YES;
				"CODE_SIGN_IDENTITY[sdk=iphoneos*]" = "iPhone Developer";
				COPY_PHASE_STRIP = NO;
				DEBUG_INFORMATION_FORMAT = dwarf;
				ENABLE_STRICT_OBJC_MSGSEND = YES;
				ENABLE_TESTABILITY = YES;
				GCC_C_LANGUAGE_STANDARD = gnu99;
				GCC_DYNAMIC_NO_PIC = NO;
				GCC_NO_COMMON_BLOCKS = YES;
				GCC_OPTIMIZATION_LEVEL = 0;
				GCC_PREPROCESSOR_DEFINITIONS = (
					"DEBUG=1",
					"$(inherited)",
				);
				GCC_WARN_64_TO_32_BIT_CONVERSION = YES;
				GCC_WARN_ABOUT_RETURN_TYPE = YES_ERROR;
				GCC_WARN_UNDECLARED_SELECTOR = YES;
				GCC_WARN_UNINITIALIZED_AUTOS = YES_AGGRESSIVE;
				GCC_WARN_UNUSED_FUNCTION = YES;
				GCC_WARN_UNUSED_VARIABLE = YES;
				IPHONEOS_DEPLOYMENT_TARGET = 10.3;
				MTL_ENABLE_DEBUG_INFO = YES;
				ONLY_ACTIVE_ARCH = YES;
				SDKROOT = iphoneos;
				SWIFT_ACTIVE_COMPILATION_CONDITIONS = DEBUG;
				SWIFT_OPTIMIZATION_LEVEL = "-Onone";
			};
			name = Debug;
		};
		54EDFC821F49C9F90055DA00 /* Release */ = {
			isa = XCBuildConfiguration;
			buildSettings = {
				ALWAYS_SEARCH_USER_PATHS = NO;
				CLANG_ANALYZER_NONNULL = YES;
				CLANG_ANALYZER_NUMBER_OBJECT_CONVERSION = YES_AGGRESSIVE;
				CLANG_CXX_LANGUAGE_STANDARD = "gnu++0x";
				CLANG_CXX_LIBRARY = "libc++";
				CLANG_ENABLE_MODULES = YES;
				CLANG_ENABLE_OBJC_ARC = YES;
				CLANG_WARN_BOOL_CONVERSION = YES;
				CLANG_WARN_CONSTANT_CONVERSION = YES;
				CLANG_WARN_DIRECT_OBJC_ISA_USAGE = YES_ERROR;
				CLANG_WARN_DOCUMENTATION_COMMENTS = YES;
				CLANG_WARN_EMPTY_BODY = YES;
				CLANG_WARN_ENUM_CONVERSION = YES;
				CLANG_WARN_INFINITE_RECURSION = YES;
				CLANG_WARN_INT_CONVERSION = YES;
				CLANG_WARN_OBJC_ROOT_CLASS = YES_ERROR;
				CLANG_WARN_SUSPICIOUS_MOVE = YES;
				CLANG_WARN_UNREACHABLE_CODE = YES;
				CLANG_WARN__DUPLICATE_METHOD_MATCH = YES;
				"CODE_SIGN_IDENTITY[sdk=iphoneos*]" = "iPhone Developer";
				COPY_PHASE_STRIP = NO;
				DEBUG_INFORMATION_FORMAT = "dwarf-with-dsym";
				ENABLE_NS_ASSERTIONS = NO;
				ENABLE_STRICT_OBJC_MSGSEND = YES;
				GCC_C_LANGUAGE_STANDARD = gnu99;
				GCC_NO_COMMON_BLOCKS = YES;
				GCC_WARN_64_TO_32_BIT_CONVERSION = YES;
				GCC_WARN_ABOUT_RETURN_TYPE = YES_ERROR;
				GCC_WARN_UNDECLARED_SELECTOR = YES;
				GCC_WARN_UNINITIALIZED_AUTOS = YES_AGGRESSIVE;
				GCC_WARN_UNUSED_FUNCTION = YES;
				GCC_WARN_UNUSED_VARIABLE = YES;
				IPHONEOS_DEPLOYMENT_TARGET = 10.3;
				MTL_ENABLE_DEBUG_INFO = NO;
				SDKROOT = iphoneos;
				SWIFT_OPTIMIZATION_LEVEL = "-Owholemodule";
				VALIDATE_PRODUCT = YES;
			};
			name = Release;
		};
		54EDFC841F49C9F90055DA00 /* Debug */ = {
			isa = XCBuildConfiguration;
			buildSettings = {
				ASSETCATALOG_COMPILER_APPICON_NAME = AppIcon;
				DEVELOPMENT_TEAM = J56SUVV4RW;
				INFOPLIST_FILE = SlideShowApp/Info.plist;
				LD_RUNPATH_SEARCH_PATHS = "$(inherited) @executable_path/Frameworks";
				PRODUCT_BUNDLE_IDENTIFIER = jp.techacademy.yuki.tanaka.SlideShowApp;
				PRODUCT_NAME = "$(TARGET_NAME)";
				SWIFT_VERSION = 3.0;
			};
			name = Debug;
		};
		54EDFC851F49C9F90055DA00 /* Release */ = {
			isa = XCBuildConfiguration;
			buildSettings = {
				ASSETCATALOG_COMPILER_APPICON_NAME = AppIcon;
				DEVELOPMENT_TEAM = J56SUVV4RW;
				INFOPLIST_FILE = SlideShowApp/Info.plist;
				LD_RUNPATH_SEARCH_PATHS = "$(inherited) @executable_path/Frameworks";
				PRODUCT_BUNDLE_IDENTIFIER = jp.techacademy.yuki.tanaka.SlideShowApp;
				PRODUCT_NAME = "$(TARGET_NAME)";
				SWIFT_VERSION = 3.0;
			};
			name = Release;
		};
/* End XCBuildConfiguration section */

/* Begin XCConfigurationList section */
		54EDFC6C1F49C9F90055DA00 /* Build configuration list for PBXProject "SlideShowApp" */ = {
			isa = XCConfigurationList;
			buildConfigurations = (
				54EDFC811F49C9F90055DA00 /* Debug */,
				54EDFC821F49C9F90055DA00 /* Release */,
			);
			defaultConfigurationIsVisible = 0;
			defaultConfigurationName = Release;
		};
		54EDFC831F49C9F90055DA00 /* Build configuration list for PBXNativeTarget "SlideShowApp" */ = {
			isa = XCConfigurationList;
			buildConfigurations = (
				54EDFC841F49C9F90055DA00 /* Debug */,
				54EDFC851F49C9F90055DA00 /* Release */,
			);
			defaultConfigurationIsVisible = 0;
			defaultConfigurationName = Release;
		};
/* End XCConfigurationList section */
	};
	rootObject = 54EDFC691F49C9F90055DA00 /* Project object */;
}
